
Microsoft Visual Studio Solution File, Format Version 12.00
# Visual Studio Version 16
VisualStudioVersion = 16.0.31702.278
MinimumVisualStudioVersion = 10.0.40219.1
Project("{FAE04EC0-301F-11D3-BF4B-00C04F79EFBC}") = "ISMFirstSolution", "ISMFirstSolution\ISMFirstSolution.csproj", "{3BA45FDE-5AA5-4C86-80A0-82B585FD0C81}"
EndProject
Global
	GlobalSection(SolutionConfigurationPlatforms) = preSolution
		Debug|Any CPU = Debug|Any CPU
		Release|Any CPU = Release|Any CPU
	EndGlobalSection
	GlobalSection(ProjectConfigurationPlatforms) = postSolution
		{3BA45FDE-5AA5-4C86-80A0-82B585FD0C81}.Debug|Any CPU.ActiveCfg = Debug|Any CPU
		{3BA45FDE-5AA5-4C86-80A0-82B585FD0C81}.Debug|Any CPU.Build.0 = Debug|Any CPU
		{3BA45FDE-5AA5-4C86-80A0-82B585FD0C81}.Release|Any CPU.ActiveCfg = Release|Any CPU
		{3BA45FDE-5AA5-4C86-80A0-82B585FD0C81}.Release|Any CPU.Build.0 = Release|Any CPU
	EndGlobalSection
	GlobalSection(SolutionProperties) = preSolution
		HideSolutionNode = FALSE
	EndGlobalSection
	GlobalSection(ExtensibilityGlobals) = postSolution
		SolutionGuid = {920DE3E5-3EF6-47CA-AE9F-C3760F2B66BF}
	EndGlobalSection
EndGlobal
